PODS:
  - Alamofire (4.0.1)
  - Gloss (1.1.0)
  - MBProgressHUD (1.0.0)

DEPENDENCIES:
  - Alamofire (~> 4.0)
  - Gloss (~> 1.1)
  - MBProgressHUD (~> 1.0.0)

SPEC CHECKSUMS:
  Alamofire: 7682d43245de14874acd142ec137b144aa1dd335
  Gloss: a8340c124ff69c5d1c12e06c252373f4a16d2958
  MBProgressHUD: 4890f671c94e8a0f3cf959aa731e9de2f036d71a

PODFILE CHECKSUM: bc1ff350a5425cd4b6f170f35dd1cbea25cf8d80

COCOAPODS: 1.1.1
